// !$*UTF8*$!
{
	archiveVersion = 1;
	classes = {
	};
	objectVersion = 56;
	objects = {

/* Begin PBXBuildFile section */
		C01BB43A2B6B7C8500542E7B /* Navigation.swift in Sources */ = {isa = PBXBuildFile; fileRef = C01BB4392B6B7C8500542E7B /* Navigation.swift */; };
		C03B02542B69FF500016F6A6 /* Modal.swift in Sources */ = {isa = PBXBuildFile; fileRef = C03B02532B69FF500016F6A6 /* Modal.swift */; };
		C03B02562B6A00BE0016F6A6 /* Detail.swift in Sources */ = {isa = PBXBuildFile; fileRef = C03B02552B6A00BE0016F6A6 /* Detail.swift */; };
		C0AAEF462B2879600071BB58 /* WarmUpApp.swift in Sources */ = {isa = PBXBuildFile; fileRef = C0AAEF452B2879600071BB58 /* WarmUpApp.swift */; };
		C0AAEF482B2879600071BB58 /* ContentView.swift in Sources */ = {isa = PBXBuildFile; fileRef = C0AAEF472B2879600071BB58 /* ContentView.swift */; };
		C0AAEF4A2B2879610071BB58 /* Assets.xcassets in Resources */ = {isa = PBXBuildFile; fileRef = C0AAEF492B2879610071BB58 /* Assets.xcassets */; };
		C0AAEF4D2B2879610071BB58 /* Preview Assets.xcassets in Resources */ = {isa = PBXBuildFile; fileRef = C0AAEF4C2B2879610071BB58 /* Preview Assets.xcassets */; };
		C0AAEF572B2879610071BB58 /* WarmUpTests.swift in Sources */ = {isa = PBXBuildFile; fileRef = C0AAEF562B2879610071BB58 /* WarmUpTests.swift */; };
		C0AAEF612B2879610071BB58 /* WarmUpUITests.swift in Sources */ = {isa = PBXBuildFile; fileRef = C0AAEF602B2879610071BB58 /* WarmUpUITests.swift */; };
		C0AAEF632B2879610071BB58 /* WarmUpUITestsLaunchTests.swift in Sources */ = {isa = PBXBuildFile; fileRef = C0AAEF622B2879610071BB58 /* WarmUpUITestsLaunchTests.swift */; };
		C0C104A52B62298500D10093 /* Setting.swift in Sources */ = {isa = PBXBuildFile; fileRef = C0C104A42B62298500D10093 /* Setting.swift */; };
		C0C169A32B57939C00F0F701 /* Onboarding.swift in Sources */ = {isa = PBXBuildFile; fileRef = C0C169A22B57939C00F0F701 /* Onboarding.swift */; };
		C0C169A52B5A043800F0F701 /* ListLoop.swift in Sources */ = {isa = PBXBuildFile; fileRef = C0C169A42B5A043700F0F701 /* ListLoop.swift */; };
/* End PBXBuildFile section */

/* Begin PBXContainerItemProxy section */
		C0AAEF532B2879610071BB58 /* PBXContainerItemProxy */ = {
			isa = PBXContainerItemProxy;
			containerPortal = C0AAEF3A2B2879600071BB58 /* Project object */;
			proxyType = 1;
			remoteGlobalIDString = C0AAEF412B2879600071BB58;
			remoteInfo = WarmUp;
		};
		C0AAEF5D2B2879610071BB58 /* PBXContainerItemProxy */ = {
			isa = PBXContainerItemProxy;
			containerPortal = C0AAEF3A2B2879600071BB58 /* Project object */;
			proxyType = 1;
			remoteGlobalIDString = C0AAEF412B2879600071BB58;
			remoteInfo = WarmUp;
		};
/* End PBXContainerItemProxy section */

/* Begin PBXFileReference section */
		C01BB4392B6B7C8500542E7B /* Navigation.swift */ = {isa = PBXFileReference; lastKnownFileType = sourcecode.swift; path = Navigation.swift; sourceTree = "<group>"; };
		C03B02532B69FF500016F6A6 /* Modal.swift */ = {isa = PBXFileReference; lastKnownFileType = sourcecode.swift; path = Modal.swift; sourceTree = "<group>"; };
		C03B02552B6A00BE0016F6A6 /* Detail.swift */ = {isa = PBXFileReference; lastKnownFileType = sourcecode.swift; path = Detail.swift; sourceTree = "<group>"; };
		C0AAEF422B2879600071BB58 /* WarmUp.app */ = {isa = PBXFileReference; explicitFileType = wrapper.application; includeInIndex = 0; path = WarmUp.app; sourceTree = BUILT_PRODUCTS_DIR; };
		C0AAEF452B2879600071BB58 /* WarmUpApp.swift */ = {isa = PBXFileReference; lastKnownFileType = sourcecode.swift; path = WarmUpApp.swift; sourceTree = "<group>"; };
		C0AAEF472B2879600071BB58 /* ContentView.swift */ = {isa = PBXFileReference; lastKnownFileType = sourcecode.swift; path = ContentView.swift; sourceTree = "<group>"; };
		C0AAEF492B2879610071BB58 /* Assets.xcassets */ = {isa = PBXFileReference; lastKnownFileType = folder.assetcatalog; path = Assets.xcassets; sourceTree = "<group>"; };
		C0AAEF4C2B2879610071BB58 /* Preview Assets.xcassets */ = {isa = PBXFileReference; lastKnownFileType = folder.assetcatalog; path = "Preview Assets.xcassets"; sourceTree = "<group>"; };
		C0AAEF522B2879610071BB58 /* WarmUpTests.xctest */ = {isa = PBXFileReference; explicitFileType = wrapper.cfbundle; includeInIndex = 0; path = WarmUpTests.xctest; sourceTree = BUILT_PRODUCTS_DIR; };
		C0AAEF562B2879610071BB58 /* WarmUpTests.swift */ = {isa = PBXFileReference; lastKnownFileType = sourcecode.swift; path = WarmUpTests.swift; sourceTree = "<group>"; };
		C0AAEF5C2B2879610071BB58 /* WarmUpUITests.xctest */ = {isa = PBXFileReference; explicitFileType = wrapper.cfbundle; includeInIndex = 0; path = WarmUpUITests.xctest; sourceTree = BUILT_PRODUCTS_DIR; };
		C0AAEF602B2879610071BB58 /* WarmUpUITests.swift */ = {isa = PBXFileReference; lastKnownFileType = sourcecode.swift; path = WarmUpUITests.swift; sourceTree = "<group>"; };
		C0AAEF622B2879610071BB58 /* WarmUpUITestsLaunchTests.swift */ = {isa = PBXFileReference; lastKnownFileType = sourcecode.swift; path = WarmUpUITestsLaunchTests.swift; sourceTree = "<group>"; };
		C0C104A42B62298500D10093 /* Setting.swift */ = {isa = PBXFileReference; lastKnownFileType = sourcecode.swift; path = Setting.swift; sourceTree = "<group>"; };
		C0C169A22B57939C00F0F701 /* Onboarding.swift */ = {isa = PBXFileReference; lastKnownFileType = sourcecode.swift; path = Onboarding.swift; sourceTree = "<group>"; };
		C0C169A42B5A043700F0F701 /* ListLoop.swift */ = {isa = PBXFileReference; lastKnownFileType = sourcecode.swift; path = ListLoop.swift; sourceTree = "<group>"; };
/* End PBXFileReference section */

/* Begin PBXFrameworksBuildPhase section */
		C0AAEF3F2B2879600071BB58 /* Frameworks */ = {
			isa = PBXFrameworksBuildPhase;
			buildActionMask = 2147483647;
			files = (
			);
			runOnlyForDeploymentPostprocessing = 0;
		};
		C0AAEF4F2B2879610071BB58 /* Frameworks */ = {
			isa = PBXFrameworksBuildPhase;
			buildActionMask = 2147483647;
			files = (
			);
			runOnlyForDeploymentPostprocessing = 0;
		};
		C0AAEF592B2879610071BB58 /* Frameworks */ = {
			isa = PBXFrameworksBuildPhase;
			buildActionMask = 2147483647;
			files = (
			);
			runOnlyForDeploymentPostprocessing = 0;
		};
/* End PBXFrameworksBuildPhase section */

/* Begin PBXGroup section */
		C0AAEF392B2879600071BB58 = {
			isa = PBXGroup;
			children = (
				C0AAEF442B2879600071BB58 /* WarmUp */,
				C0AAEF552B2879610071BB58 /* WarmUpTests */,
				C0AAEF5F2B2879610071BB58 /* WarmUpUITests */,
				C0AAEF432B2879600071BB58 /* Products */,
			);
			sourceTree = "<group>";
		};
		C0AAEF432B2879600071BB58 /* Products */ = {
			isa = PBXGroup;
			children = (
				C0AAEF422B2879600071BB58 /* WarmUp.app */,
				C0AAEF522B2879610071BB58 /* WarmUpTests.xctest */,
				C0AAEF5C2B2879610071BB58 /* WarmUpUITests.xctest */,
			);
			name = Products;
			sourceTree = "<group>";
		};
		C0AAEF442B2879600071BB58 /* WarmUp */ = {
			isa = PBXGroup;
			children = (
				C0AAEF452B2879600071BB58 /* WarmUpApp.swift */,
				C0AAEF472B2879600071BB58 /* ContentView.swift */,
				C0AAEF492B2879610071BB58 /* Assets.xcassets */,
				C0AAEF4B2B2879610071BB58 /* Preview Content */,
				C0C169A22B57939C00F0F701 /* Onboarding.swift */,
				C0C169A42B5A043700F0F701 /* ListLoop.swift */,
				C0C104A42B62298500D10093 /* Setting.swift */,
				C03B02532B69FF500016F6A6 /* Modal.swift */,
				C03B02552B6A00BE0016F6A6 /* Detail.swift */,
				C01BB4392B6B7C8500542E7B /* Navigation.swift */,
			);
			path = WarmUp;
			sourceTree = "<group>";
		};
		C0AAEF4B2B2879610071BB58 /* Preview Content */ = {
			isa = PBXGroup;
			children = (
				C0AAEF4C2B2879610071BB58 /* Preview Assets.xcassets */,
			);
			path = "Preview Content";
			sourceTree = "<group>";
		};
		C0AAEF552B2879610071BB58 /* WarmUpTests */ = {
			isa = PBXGroup;
			children = (
				C0AAEF562B2879610071BB58 /* WarmUpTests.swift */,
			);
			path = WarmUpTests;
			sourceTree = "<group>";
		};
		C0AAEF5F2B2879610071BB58 /* WarmUpUITests */ = {
			isa = PBXGroup;
			children = (
				C0AAEF602B2879610071BB58 /* WarmUpUITests.swift */,
				C0AAEF622B2879610071BB58 /* WarmUpUITestsLaunchTests.swift */,
			);
			path = WarmUpUITests;
			sourceTree = "<group>";
		};
/* End PBXGroup section */

/* Begin PBXNativeTarget section */
		C0AAEF412B2879600071BB58 /* WarmUp */ = {
			isa = PBXNativeTarget;
			buildConfigurationList = C0AAEF662B2879620071BB58 /* Build configuration list for PBXNativeTarget "WarmUp" */;
			buildPhases = (
				C0AAEF3E2B2879600071BB58 /* Sources */,
				C0AAEF3F2B2879600071BB58 /* Frameworks */,
				C0AAEF402B2879600071BB58 /* Resources */,
			);
			buildRules = (
			);
			dependencies = (
			);
			name = WarmUp;
			productName = WarmUp;
			productReference = C0AAEF422B2879600071BB58 /* WarmUp.app */;
			productType = "com.apple.product-type.application";
		};
		C0AAEF512B2879610071BB58 /* WarmUpTests */ = {
			isa = PBXNativeTarget;
			buildConfigurationList = C0AAEF692B2879620071BB58 /* Build configuration list for PBXNativeTarget "WarmUpTests" */;
			buildPhases = (
				C0AAEF4E2B2879610071BB58 /* Sources */,
				C0AAEF4F2B2879610071BB58 /* Frameworks */,
				C0AAEF502B2879610071BB58 /* Resources */,
			);
			buildRules = (
			);
			dependencies = (
				C0AAEF542B2879610071BB58 /* PBXTargetDependency */,
			);
			name = WarmUpTests;
			productName = WarmUpTests;
			productReference = C0AAEF522B2879610071BB58 /* WarmUpTests.xctest */;
			productType = "com.apple.product-type.bundle.unit-test";
		};
		C0AAEF5B2B2879610071BB58 /* WarmUpUITests */ = {
			isa = PBXNativeTarget;
			buildConfigurationList = C0AAEF6C2B2879620071BB58 /* Build configuration list for PBXNativeTarget "WarmUpUITests" */;
			buildPhases = (
				C0AAEF582B2879610071BB58 /* Sources */,
				C0AAEF592B2879610071BB58 /* Frameworks */,
				C0AAEF5A2B2879610071BB58 /* Resources */,
			);
			buildRules = (
			);
			dependencies = (
				C0AAEF5E2B2879610071BB58 /* PBXTargetDependency */,
			);
			name = WarmUpUITests;
			productName = WarmUpUITests;
			productReference = C0AAEF5C2B2879610071BB58 /* WarmUpUITests.xctest */;
			productType = "com.apple.product-type.bundle.ui-testing";
		};
/* End PBXNativeTarget section */

/* Begin PBXProject section */
		C0AAEF3A2B2879600071BB58 /* Project object */ = {
			isa = PBXProject;
			attributes = {
				BuildIndependentTargetsInParallel = 1;
				LastSwiftUpdateCheck = 1500;
				LastUpgradeCheck = 1500;
				TargetAttributes = {
					C0AAEF412B2879600071BB58 = {
						CreatedOnToolsVersion = 15.0.1;
					};
					C0AAEF512B2879610071BB58 = {
						CreatedOnToolsVersion = 15.0.1;
						TestTargetID = C0AAEF412B2879600071BB58;
					};
					C0AAEF5B2B2879610071BB58 = {
						CreatedOnToolsVersion = 15.0.1;
						TestTargetID = C0AAEF412B2879600071BB58;
					};
				};
			};
			buildConfigurationList = C0AAEF3D2B2879600071BB58 /* Build configuration list for PBXProject "WarmUp" */;
			compatibilityVersion = "Xcode 14.0";
			developmentRegion = en;
			hasScannedForEncodings = 0;
			knownRegions = (
				en,
				Base,
			);
			mainGroup = C0AAEF392B2879600071BB58;
			productRefGroup = C0AAEF432B2879600071BB58 /* Products */;
			projectDirPath = "";
			projectRoot = "";
			targets = (
				C0AAEF412B2879600071BB58 /* WarmUp */,
				C0AAEF512B2879610071BB58 /* WarmUpTests */,
				C0AAEF5B2B2879610071BB58 /* WarmUpUITests */,
			);
		};
/* End PBXProject section */

/* Begin PBXResourcesBuildPhase section */
		C0AAEF402B2879600071BB58 /* Resources */ = {
			isa = PBXResourcesBuildPhase;
			buildActionMask = 2147483647;
			files = (
				C0AAEF4D2B2879610071BB58 /* Preview Assets.xcassets in Resources */,
				C0AAEF4A2B2879610071BB58 /* Assets.xcassets in Resources */,
			);
			runOnlyForDeploymentPostprocessing = 0;
		};
		C0AAEF502B2879610071BB58 /* Resources */ = {
			isa = PBXResourcesBuildPhase;
			buildActionMask = 2147483647;
			files = (
			);
			runOnlyForDeploymentPostprocessing = 0;
		};
		C0AAEF5A2B2879610071BB58 /* Resources */ = {
			isa = PBXResourcesBuildPhase;
			buildActionMask = 2147483647;
			files = (
			);
			runOnlyForDeploymentPostprocessing = 0;
		};
/* End PBXResourcesBuildPhase section */

/* Begin PBXSourcesBuildPhase section */
		C0AAEF3E2B2879600071BB58 /* Sources */ = {
			isa = PBXSourcesBuildPhase;
			buildActionMask = 2147483647;
			files = (
				C0C104A52B62298500D10093 /* Setting.swift in Sources */,
				C03B02562B6A00BE0016F6A6 /* Detail.swift in Sources */,
				C03B02542B69FF500016F6A6 /* Modal.swift in Sources */,
				C01BB43A2B6B7C8500542E7B /* Navigation.swift in Sources */,
				C0C169A32B57939C00F0F701 /* Onboarding.swift in Sources */,
				C0AAEF482B2879600071BB58 /* ContentView.swift in Sources */,
				C0AAEF462B2879600071BB58 /* WarmUpApp.swift in Sources */,
				C0C169A52B5A043800F0F701 /* ListLoop.swift in Sources */,
			);
			runOnlyForDeploymentPostprocessing = 0;
		};
		C0AAEF4E2B2879610071BB58 /* Sources */ = {
			isa = PBXSourcesBuildPhase;
			buildActionMask = 2147483647;
			files = (
				C0AAEF572B2879610071BB58 /* WarmUpTests.swift in Sources */,
			);
			runOnlyForDeploymentPostprocessing = 0;
		};
		C0AAEF582B2879610071BB58 /* Sources */ = {
			isa = PBXSourcesBuildPhase;
			buildActionMask = 2147483647;
			files = (
				C0AAEF632B2879610071BB58 /* WarmUpUITestsLaunchTests.swift in Sources */,
				C0AAEF612B2879610071BB58 /* WarmUpUITests.swift in Sources */,
			);
			runOnlyForDeploymentPostprocessing = 0;
		};
/* End PBXSourcesBuildPhase section */

/* Begin PBXTargetDependency section */
		C0AAEF542B2879610071BB58 /* PBXTargetDependency */ = {
			isa = PBXTargetDependency;
			target = C0AAEF412B2879600071BB58 /* WarmUp */;
			targetProxy = C0AAEF532B2879610071BB58 /* PBXContainerItemProxy */;
		};
		C0AAEF5E2B2879610071BB58 /* PBXTargetDependency */ = {
			isa = PBXTargetDependency;
			target = C0AAEF412B2879600071BB58 /* WarmUp */;
			targetProxy = C0AAEF5D2B2879610071BB58 /* PBXContainerItemProxy */;
		};
/* End PBXTargetDependency section */

/* Begin XCBuildConfiguration section */
		C0AAEF642B2879620071BB58 /* Debug */ = {
			isa = XCBuildConfiguration;
			buildSettings = {
				ALWAYS_SEARCH_USER_PATHS = NO;
				ASSETCATALOG_COMPILER_GENERATE_SWIFT_ASSET_SYMBOL_EXTENSIONS = YES;
				CLANG_ANALYZER_NONNULL = YES;
				CLANG_ANALYZER_NUMBER_OBJECT_CONVERSION = YES_AGGRESSIVE;
				CLANG_CXX_LANGUAGE_STANDARD = "gnu++20";
				CLANG_ENABLE_MODULES = YES;
				CLANG_ENABLE_OBJC_ARC = YES;
				CLANG_ENABLE_OBJC_WEAK = YES;
				CLANG_WARN_BLOCK_CAPTURE_AUTORELEASING = YES;
				CLANG_WARN_BOOL_CONVERSION = YES;
				CLANG_WARN_COMMA = YES;
				CLANG_WARN_CONSTANT_CONVERSION = YES;
				CLANG_WARN_DEPRECATED_OBJC_IMPLEMENTATIONS = YES;
				CLANG_WARN_DIRECT_OBJC_ISA_USAGE = YES_ERROR;
				CLANG_WARN_DOCUMENTATION_COMMENTS = YES;
				CLANG_WARN_EMPTY_BODY = YES;
				CLANG_WARN_ENUM_CONVERSION = YES;
				CLANG_WARN_INFINITE_RECURSION = YES;
				CLANG_WARN_INT_CONVERSION = YES;
				CLANG_WARN_NON_LITERAL_NULL_CONVERSION = YES;
				CLANG_WARN_OBJC_IMPLICIT_RETAIN_SELF = YES;
				CLANG_WARN_OBJC_LITERAL_CONVERSION = YES;
				CLANG_WARN_OBJC_ROOT_CLASS = YES_ERROR;
				CLANG_WARN_QUOTED_INCLUDE_IN_FRAMEWORK_HEADER = YES;
				CLANG_WARN_RANGE_LOOP_ANALYSIS = YES;
				CLANG_WARN_STRICT_PROTOTYPES = YES;
				CLANG_WARN_SUSPICIOUS_MOVE = YES;
				CLANG_WARN_UNGUARDED_AVAILABILITY = YES_AGGRESSIVE;
				CLANG_WARN_UNREACHABLE_CODE = YES;
				CLANG_WARN__DUPLICATE_METHOD_MATCH = YES;
				COPY_PHASE_STRIP = NO;
				DEBUG_INFORMATION_FORMAT = dwarf;
				ENABLE_STRICT_OBJC_MSGSEND = YES;
				ENABLE_TESTABILITY = YES;
				ENABLE_USER_SCRIPT_SANDBOXING = YES;
				GCC_C_LANGUAGE_STANDARD = gnu17;
				GCC_DYNAMIC_NO_PIC = NO;
				GCC_NO_COMMON_BLOCKS = YES;
				GCC_OPTIMIZATION_LEVEL = 0;
				GCC_PREPROCESSOR_DEFINITIONS = (
					"DEBUG=1",
					"$(inherited)",
				);
				GCC_WARN_64_TO_32_BIT_CONVERSION = YES;
				GCC_WARN_ABOUT_RETURN_TYPE = YES_ERROR;
				GCC_WARN_UNDECLARED_SELECTOR = YES;
				GCC_WARN_UNINITIALIZED_AUTOS = YES_AGGRESSIVE;
				GCC_WARN_UNUSED_FUNCTION = YES;
				GCC_WARN_UNUSED_VARIABLE = YES;
				IPHONEOS_DEPLOYMENT_TARGET = 17.0;
				LOCALIZATION_PREFERS_STRING_CATALOGS = YES;
				MTL_ENABLE_DEBUG_INFO = INCLUDE_SOURCE;
				MTL_FAST_MATH = YES;
				ONLY_ACTIVE_ARCH = YES;
				SDKROOT = iphoneos;
				SWIFT_ACTIVE_COMPILATION_CONDITIONS = "DEBUG $(inherited)";
				SWIFT_OPTIMIZATION_LEVEL = "-Onone";
			};
			name = Debug;
		};
		C0AAEF652B2879620071BB58 /* Release */ = {
			isa = XCBuildConfiguration;
			buildSettings = {
				ALWAYS_SEARCH_USER_PATHS = NO;
				ASSETCATALOG_COMPILER_GENERATE_SWIFT_ASSET_SYMBOL_EXTENSIONS = YES;
				CLANG_ANALYZER_NONNULL = YES;
				CLANG_ANALYZER_NUMBER_OBJECT_CONVERSION = YES_AGGRESSIVE;
				CLANG_CXX_LANGUAGE_STANDARD = "gnu++20";
				CLANG_ENABLE_MODULES = YES;
				CLANG_ENABLE_OBJC_ARC = YES;
				CLANG_ENABLE_OBJC_WEAK = YES;
				CLANG_WARN_BLOCK_CAPTURE_AUTORELEASING = YES;
				CLANG_WARN_BOOL_CONVERSION = YES;
				CLANG_WARN_COMMA = YES;
				CLANG_WARN_CONSTANT_CONVERSION = YES;
				CLANG_WARN_DEPRECATED_OBJC_IMPLEMENTATIONS = YES;
				CLANG_WARN_DIRECT_OBJC_ISA_USAGE = YES_ERROR;
				CLANG_WARN_DOCUMENTATION_COMMENTS = YES;
				CLANG_WARN_EMPTY_BODY = YES;
				CLANG_WARN_ENUM_CONVERSION = YES;
				CLANG_WARN_INFINITE_RECURSION = YES;
				CLANG_WARN_INT_CONVERSION = YES;
				CLANG_WARN_NON_LITERAL_NULL_CONVERSION = YES;
				CLANG_WARN_OBJC_IMPLICIT_RETAIN_SELF = YES;
				CLANG_WARN_OBJC_LITERAL_CONVERSION = YES;
				CLANG_WARN_OBJC_ROOT_CLASS = YES_ERROR;
				CLANG_WARN_QUOTED_INCLUDE_IN_FRAMEWORK_HEADER = YES;
				CLANG_WARN_RANGE_LOOP_ANALYSIS = YES;
				CLANG_WARN_STRICT_PROTOTYPES = YES;
				CLANG_WARN_SUSPICIOUS_MOVE = YES;
				CLANG_WARN_UNGUARDED_AVAILABILITY = YES_AGGRESSIVE;
				CLANG_WARN_UNREACHABLE_CODE = YES;
				CLANG_WARN__DUPLICATE_METHOD_MATCH = YES;
				COPY_PHASE_STRIP = NO;
				DEBUG_INFORMATION_FORMAT = "dwarf-with-dsym";
				ENABLE_NS_ASSERTIONS = NO;
				ENABLE_STRICT_OBJC_MSGSEND = YES;
				ENABLE_USER_SCRIPT_SANDBOXING = YES;
				GCC_C_LANGUAGE_STANDARD = gnu17;
				GCC_NO_COMMON_BLOCKS = YES;
				GCC_WARN_64_TO_32_BIT_CONVERSION = YES;
				GCC_WARN_ABOUT_RETURN_TYPE = YES_ERROR;
				GCC_WARN_UNDECLARED_SELECTOR = YES;
				GCC_WARN_UNINITIALIZED_AUTOS = YES_AGGRESSIVE;
				GCC_WARN_UNUSED_FUNCTION = YES;
				GCC_WARN_UNUSED_VARIABLE = YES;
				IPHONEOS_DEPLOYMENT_TARGET = 17.0;
				LOCALIZATION_PREFERS_STRING_CATALOGS = YES;
				MTL_ENABLE_DEBUG_INFO = NO;
				MTL_FAST_MATH = YES;
				SDKROOT = iphoneos;
				SWIFT_COMPILATION_MODE = wholemodule;
				VALIDATE_PRODUCT = YES;
			};
			name = Release;
		};
		C0AAEF672B2879620071BB58 /* Debug */ = {
			isa = XCBuildConfiguration;
			buildSettings = {
				ASSETCATALOG_COMPILER_APPICON_NAME = AppIcon;
				ASSETCATALOG_COMPILER_GLOBAL_ACCENT_COLOR_NAME = AccentColor;
				CODE_SIGN_STYLE = Automatic;
				CURRENT_PROJECT_VERSION = 1;
				DEVELOPMENT_ASSET_PATHS = "\"WarmUp/Preview Content\"";
				DEVELOPMENT_TEAM = 62BCLQNF78;
				ENABLE_PREVIEWS = YES;
				GENERATE_INFOPLIST_FILE = YES;
				INFOPLIST_KEY_UIApplicationSceneManifest_Generation = YES;
				INFOPLIST_KEY_UIApplicationSupportsIndirectInputEvents = YES;
				INFOPLIST_KEY_UILaunchScreen_Generation = YES;
				INFOPLIST_KEY_UISupportedInterfaceOrientations_iPad = "UIInterfaceOrientationPortrait UIInterfaceOrientationPortraitUpsideDown UIInterfaceOrientationLandscapeLeft UIInterfaceOrientationLandscapeRight";
				INFOPLIST_KEY_UISupportedInterfaceOrientations_iPhone = "UIInterfaceOrientationPortrait UIInterfaceOrientationLandscapeLeft UIInterfaceOrientationLandscapeRight";
				LD_RUNPATH_SEARCH_PATHS = (
					"$(inherited)",
					"@executable_path/Frameworks",
				);
				MARKETING_VERSION = 1.0;
				PRODUCT_BUNDLE_IDENTIFIER = com.kgc.WarmUp;
				PRODUCT_NAME = "$(TARGET_NAME)";
				SWIFT_EMIT_LOC_STRINGS = YES;
				SWIFT_VERSION = 5.0;
				TARGETED_DEVICE_FAMILY = "1,2";
			};
			name = Debug;
		};
		C0AAEF682B2879620071BB58 /* Release */ = {
			isa = XCBuildConfiguration;
			buildSettings = {
				ASSETCATALOG_COMPILER_APPICON_NAME = AppIcon;
				ASSETCATALOG_COMPILER_GLOBAL_ACCENT_COLOR_NAME = AccentColor;
				CODE_SIGN_STYLE = Automatic;
				CURRENT_PROJECT_VERSION = 1;
				DEVELOPMENT_ASSET_PATHS = "\"WarmUp/Preview Content\"";
				DEVELOPMENT_TEAM = 62BCLQNF78;
				ENABLE_PREVIEWS = YES;
				GENERATE_INFOPLIST_FILE = YES;
				INFOPLIST_KEY_UIApplicationSceneManifest_Generation = YES;
				INFOPLIST_KEY_UIApplicationSupportsIndirectInputEvents = YES;
				INFOPLIST_KEY_UILaunchScreen_Generation = YES;
				INFOPLIST_KEY_UISupportedInterfaceOrientations_iPad = "UIInterfaceOrientationPortrait UIInterfaceOrientationPortraitUpsideDown UIInterfaceOrientationLandscapeLeft UIInterfaceOrientationLandscapeRight";
				INFOPLIST_KEY_UISupportedInterfaceOrientations_iPhone = "UIInterfaceOrientationPortrait UIInterfaceOrientationLandscapeLeft UIInterfaceOrientationLandscapeRight";
				LD_RUNPATH_SEARCH_PATHS = (
					"$(inherited)",
					"@executable_path/Frameworks",
				);
				MARKETING_VERSION = 1.0;
				PRODUCT_BUNDLE_IDENTIFIER = com.kgc.WarmUp;
				PRODUCT_NAME = "$(TARGET_NAME)";
				SWIFT_EMIT_LOC_STRINGS = YES;
				SWIFT_VERSION = 5.0;
				TARGETED_DEVICE_FAMILY = "1,2";
			};
			name = Release;
		};
		C0AAEF6A2B2879620071BB58 /* Debug */ = {
			isa = XCBuildConfiguration;
			buildSettings = {
				ALWAYS_EMBED_SWIFT_STANDARD_LIBRARIES = YES;
				BUNDLE_LOADER = "$(TEST_HOST)";
				CODE_SIGN_STYLE = Automatic;
				CURRENT_PROJECT_VERSION = 1;
				DEVELOPMENT_TEAM = 62BCLQNF78;
				GENERATE_INFOPLIST_FILE = YES;
				IPHONEOS_DEPLOYMENT_TARGET = 17.0;
				MARKETING_VERSION = 1.0;
				PRODUCT_BUNDLE_IDENTIFIER = com.kgc.WarmUpTests;
				PRODUCT_NAME = "$(TARGET_NAME)";
				SWIFT_EMIT_LOC_STRINGS = NO;
				SWIFT_VERSION = 5.0;
				TARGETED_DEVICE_FAMILY = "1,2";
				TEST_HOST = "$(BUILT_PRODUCTS_DIR)/WarmUp.app/$(BUNDLE_EXECUTABLE_FOLDER_PATH)/WarmUp";
			};
			name = Debug;
		};
		C0AAEF6B2B2879620071BB58 /* Release */ = {
			isa = XCBuildConfiguration;
			buildSettings = {
				ALWAYS_EMBED_SWIFT_STANDARD_LIBRARIES = YES;
				BUNDLE_LOADER = "$(TEST_HOST)";
				CODE_SIGN_STYLE = Automatic;
				CURRENT_PROJECT_VERSION = 1;
				DEVELOPMENT_TEAM = 62BCLQNF78;
				GENERATE_INFOPLIST_FILE = YES;
				IPHONEOS_DEPLOYMENT_TARGET = 17.0;
				MARKETING_VERSION = 1.0;
				PRODUCT_BUNDLE_IDENTIFIER = com.kgc.WarmUpTests;
				PRODUCT_NAME = "$(TARGET_NAME)";
				SWIFT_EMIT_LOC_STRINGS = NO;
				SWIFT_VERSION = 5.0;
				TARGETED_DEVICE_FAMILY = "1,2";
				TEST_HOST = "$(BUILT_PRODUCTS_DIR)/WarmUp.app/$(BUNDLE_EXECUTABLE_FOLDER_PATH)/WarmUp";
			};
			name = Release;
		};
		C0AAEF6D2B2879620071BB58 /* Debug */ = {
			isa = XCBuildConfiguration;
			buildSettings = {
				ALWAYS_EMBED_SWIFT_STANDARD_LIBRARIES = YES;
				CODE_SIGN_STYLE = Automatic;
				CURRENT_PROJECT_VERSION = 1;
				DEVELOPMENT_TEAM = 62BCLQNF78;
				GENERATE_INFOPLIST_FILE = YES;
				MARKETING_VERSION = 1.0;
				PRODUCT_BUNDLE_IDENTIFIER = com.kgc.WarmUpUITests;
				PRODUCT_NAME = "$(TARGET_NAME)";
				SWIFT_EMIT_LOC_STRINGS = NO;
				SWIFT_VERSION = 5.0;
				TARGETED_DEVICE_FAMILY = "1,2";
				TEST_TARGET_NAME = WarmUp;
			};
			name = Debug;
		};
		C0AAEF6E2B2879620071BB58 /* Release */ = {
			isa = XCBuildConfiguration;
			buildSettings = {
				ALWAYS_EMBED_SWIFT_STANDARD_LIBRARIES = YES;
				CODE_SIGN_STYLE = Automatic;
				CURRENT_PROJECT_VERSION = 1;
				DEVELOPMENT_TEAM = 62BCLQNF78;
				GENERATE_INFOPLIST_FILE = YES;
				MARKETING_VERSION = 1.0;
				PRODUCT_BUNDLE_IDENTIFIER = com.kgc.WarmUpUITests;
				PRODUCT_NAME = "$(TARGET_NAME)";
				SWIFT_EMIT_LOC_STRINGS = NO;
				SWIFT_VERSION = 5.0;
				TARGETED_DEVICE_FAMILY = "1,2";
				TEST_TARGET_NAME = WarmUp;
			};
			name = Release;
		};
/* End XCBuildConfiguration section */

/* Begin XCConfigurationList section */
		C0AAEF3D2B2879600071BB58 /* Build configuration list for PBXProject "WarmUp" */ = {
			isa = XCConfigurationList;
			buildConfigurations = (
				C0AAEF642B2879620071BB58 /* Debug */,
				C0AAEF652B2879620071BB58 /* Release */,
			);
			defaultConfigurationIsVisible = 0;
			defaultConfigurationName = Release;
		};
		C0AAEF662B2879620071BB58 /* Build configuration list for PBXNativeTarget "WarmUp" */ = {
			isa = XCConfigurationList;
			buildConfigurations = (
				C0AAEF672B2879620071BB58 /* Debug */,
				C0AAEF682B2879620071BB58 /* Release */,
			);
			defaultConfigurationIsVisible = 0;
			defaultConfigurationName = Release;
		};
		C0AAEF692B2879620071BB58 /* Build configuration list for PBXNativeTarget "WarmUpTests" */ = {
			isa = XCConfigurationList;
			buildConfigurations = (
				C0AAEF6A2B2879620071BB58 /* Debug */,
				C0AAEF6B2B2879620071BB58 /* Release */,
			);
			defaultConfigurationIsVisible = 0;
			defaultConfigurationName = Release;
		};
		C0AAEF6C2B2879620071BB58 /* Build configuration list for PBXNativeTarget "WarmUpUITests" */ = {
			isa = XCConfigurationList;
			buildConfigurations = (
				C0AAEF6D2B2879620071BB58 /* Debug */,
				C0AAEF6E2B2879620071BB58 /* Release */,
			);
			defaultConfigurationIsVisible = 0;
			defaultConfigurationName = Release;
		};
/* End XCConfigurationList section */
	};
	rootObject = C0AAEF3A2B2879600071BB58 /* Project object */;
}
